
Microsoft Visual Studio Solution File, Format Version 12.00
# Visual Studio Version 17
VisualStudioVersion = 17.14.36623.8 d17.14
MinimumVisualStudioVersion = 10.0.40219.1
Project("{FAE04EC0-301F-11D3-BF4B-00C04F79EFBC}") = "DemoConsola", "DemoConsola\DemoConsola.csproj", "{6C542E98-8F42-4717-BD0C-2CAFE6CC941A}"
EndProject
Global
	GlobalSection(SolutionConfigurationPlatforms) = preSolution
		Debug|Any CPU = Debug|Any CPU
		Release|Any CPU = Release|Any CPU
	EndGlobalSection
	GlobalSection(ProjectConfigurationPlatforms) = postSolution
		{6C542E98-8F42-4717-BD0C-2CAFE6CC941A}.Debug|Any CPU.ActiveCfg = Debug|Any CPU
		{6C542E98-8F42-4717-BD0C-2CAFE6CC941A}.Debug|Any CPU.Build.0 = Debug|Any CPU
		{6C542E98-8F42-4717-BD0C-2CAFE6CC941A}.Release|Any CPU.ActiveCfg = Release|Any CPU
		{6C542E98-8F42-4717-BD0C-2CAFE6CC941A}.Release|Any CPU.Build.0 = Release|Any CPU
	EndGlobalSection
	GlobalSection(SolutionProperties) = preSolution
		HideSolutionNode = FALSE
	EndGlobalSection
	GlobalSection(ExtensibilityGlobals) = postSolution
		SolutionGuid = {18F0BCDB-9A04-48C7-8748-C7372AC1D3DC}
	EndGlobalSection
EndGlobal
